
Microsoft Visual Studio Solution File, Format Version 12.00
# Visual Studio Version 16
VisualStudioVersion = 16.0.30517.126
MinimumVisualStudioVersion = 10.0.40219.1
Project("{2150E333-8FDC-42A3-9474-1A3956D46DE8}") = "1. Host Layer", "1. Host Layer", "{B00B6A51-1BF1-4D5B-812E-A1773F3B3DF8}"
EndProject
Project("{2150E333-8FDC-42A3-9474-1A3956D46DE8}") = "2. Application Layer", "2. Application Layer", "{D4D973EF-C754-4712-AE23-6C055B70BC40}"
EndProject
Project("{2150E333-8FDC-42A3-9474-1A3956D46DE8}") = "3. Service Layer", "3. Service Layer", "{3A3CF2D2-2022-4107-BA16-B8E015CD69DB}"
EndProject
Project("{2150E333-8FDC-42A3-9474-1A3956D46DE8}") = "4. Infrastructure Layer", "4. Infrastructure Layer", "{9EA7ACC7-E02A-4B03-958A-64CB6C39F61A}"
EndProject
Project("{2150E333-8FDC-42A3-9474-1A3956D46DE8}") = "1. WebApi", "1. WebApi", "{DEE9E20B-BD95-4474-AAF9-9BC6BA0C4E6C}"
EndProject
Project("{2150E333-8FDC-42A3-9474-1A3956D46DE8}") = "1. Mappers", "1. Mappers", "{26ADAB1B-8BC0-475F-A1E9-8924162C2D42}"
EndProject
Project("{2150E333-8FDC-42A3-9474-1A3956D46DE8}") = "2. Services", "2. Services", "{C55C974C-FCC4-4BDA-A21D-F415463EDB92}"
EndProject
Project("{2150E333-8FDC-42A3-9474-1A3956D46DE8}") = "3. Messages", "3. Messages", "{2022CCB8-C608-433A-9E37-68322B0F5909}"
EndProject
Project("{2150E333-8FDC-42A3-9474-1A3956D46DE8}") = "1. Contracts", "1. Contracts", "{E7128C2B-7012-4D67-B876-13BB7B691D6D}"
EndProject
Project("{2150E333-8FDC-42A3-9474-1A3956D46DE8}") = "2. Implementations", "2. Implementations", "{9C8DD989-D677-4E39-9960-624A3EA65B37}"
EndProject
Project("{2150E333-8FDC-42A3-9474-1A3956D46DE8}") = "3. Models", "3. Models", "{E7112C65-0BBB-4FF5-BB19-15DCB2650CCB}"
EndProject
Project("{2150E333-8FDC-42A3-9474-1A3956D46DE8}") = "1. Data", "1. Data", "{2788C93D-AA8E-416F-BCFE-F4AD333A049C}"
EndProject
Project("{2150E333-8FDC-42A3-9474-1A3956D46DE8}") = "2. Cross Cutting", "2. Cross Cutting", "{E046228A-7FAC-4E51-A4EC-4F03F662FC52}"
EndProject
Project("{FAE04EC0-301F-11D3-BF4B-00C04F79EFBC}") = "NAD.CosmoDb.Host.WebApi", "NAD.CosmoDb.Host.WebApi\NAD.CosmoDb.Host.WebApi.csproj", "{AA5FE7D1-4790-4E5B-80C9-B9CA908DA733}"
EndProject
Project("{FAE04EC0-301F-11D3-BF4B-00C04F79EFBC}") = "NAD.CosmoDb.Application.Mapper", "NAD.CosmoDb.Application.Mapper\NAD.CosmoDb.Application.Mapper.csproj", "{B79568FF-B3C0-4259-A350-870794D5BF0F}"
EndProject
Project("{FAE04EC0-301F-11D3-BF4B-00C04F79EFBC}") = "NAD.CosmoDb.Application.Services", "NAD.CosmoDb.Application.Services\NAD.CosmoDb.Application.Services.csproj", "{3889578C-B466-4F56-9742-664772FDABAE}"
EndProject
Project("{FAE04EC0-301F-11D3-BF4B-00C04F79EFBC}") = "NAD.CosmoDb.Application.Messages", "NAD.CosmoDb.Application.Messages\NAD.CosmoDb.Application.Messages.csproj", "{8258A4A5-B440-4332-9F33-23F3E6A09494}"
EndProject
Project("{FAE04EC0-301F-11D3-BF4B-00C04F79EFBC}") = "NAD.CosmoDb.Services", "NAD.CosmoDb.Services\NAD.CosmoDb.Services.csproj", "{0ED1ED5C-410E-4F28-BAFB-14EA3B2529B5}"
EndProject
Project("{FAE04EC0-301F-11D3-BF4B-00C04F79EFBC}") = "NAD.CosmoDb.Services.Imp", "NAD.CosmoDb.Services.Imp\NAD.CosmoDb.Services.Imp.csproj", "{C4156CF1-CA12-47E8-AD1C-FBCCFF0EFF0B}"
EndProject
Project("{FAE04EC0-301F-11D3-BF4B-00C04F79EFBC}") = "NAD.CosmoDb.Services.Models", "NAD.CosmoDb.Services.Models\NAD.CosmoDb.Services.Models.csproj", "{68D54497-D795-4279-B637-FEF6114484AC}"
EndProject
Project("{FAE04EC0-301F-11D3-BF4B-00C04F79EFBC}") = "NAD.CosmoDb.Infra.Database", "NAD.CosmoDb.Infra.Database\NAD.CosmoDb.Infra.Database.csproj", "{C8F3C129-7E70-476D-8A96-6814885057D4}"
EndProject
Project("{FAE04EC0-301F-11D3-BF4B-00C04F79EFBC}") = "NAD.CosmoDb.Infra.Database.Documents", "NAD.CosmoDb.Infra.Database.Documents\NAD.CosmoDb.Infra.Database.Documents.csproj", "{27D2DAA2-759D-4AD6-B476-ABC3CF8387B1}"
EndProject
Project("{FAE04EC0-301F-11D3-BF4B-00C04F79EFBC}") = "NAD.CosmoDb.Infra.CrossCutting.Common", "NAD.CosmoDb.Infra.CrossCutting.Common\NAD.CosmoDb.Infra.CrossCutting.Common.csproj", "{C7D32559-0FD2-4FE2-9C6D-78F8E07BBA38}"
EndProject
Project("{FAE04EC0-301F-11D3-BF4B-00C04F79EFBC}") = "NAD.CosmoDb.Infra.CrossCutting.DI", "NAD.CosmoDb.Infra.CrossCutting.DI\NAD.CosmoDb.Infra.CrossCutting.DI.csproj", "{3FED4A9B-6500-474B-9364-8E2765F38E9E}"
EndProject
Project("{FAE04EC0-301F-11D3-BF4B-00C04F79EFBC}") = "NAD.CosmoDb.Infra.CrossCutting.Enum", "NAD.CosmoDb.Infra.CrossCutting.Enum\NAD.CosmoDb.Infra.CrossCutting.Enum.csproj", "{1A20A07B-A326-4F05-8D5F-8B485F8C510E}"
EndProject
Project("{FAE04EC0-301F-11D3-BF4B-00C04F79EFBC}") = "NAD.CosmoDb.Infra.CrossCutting.Extension", "NAD.CosmoDb.Infra.CrossCutting.Extension\NAD.CosmoDb.Infra.CrossCutting.Extension.csproj", "{67226DAA-3539-4C72-92F7-4AC3070FB3E0}"
EndProject
Project("{FAE04EC0-301F-11D3-BF4B-00C04F79EFBC}") = "NAD.CosmoDb.Infra.CrossCutting.Model", "NAD.CosmoDb.Infra.CrossCutting.Model\NAD.CosmoDb.Infra.CrossCutting.Model.csproj", "{E263F0FE-CB99-4313-850F-39919EE435CD}"
EndProject
Project("{FAE04EC0-301F-11D3-BF4B-00C04F79EFBC}") = "NAD.CosmoDb.Application.Services.Imp", "NAD.CosmoDb.Application.Services.Imp\NAD.CosmoDb.Application.Services.Imp.csproj", "{BDC60771-7E10-459D-8A51-2B0CB1E45408}"
EndProject
Global
	GlobalSection(SolutionConfigurationPlatforms) = preSolution
		Debug|Any CPU = Debug|Any CPU
		Release|Any CPU = Release|Any CPU
	EndGlobalSection
	GlobalSection(ProjectConfigurationPlatforms) = postSolution
		{AA5FE7D1-4790-4E5B-80C9-B9CA908DA733}.Debug|Any CPU.ActiveCfg = Debug|Any CPU
		{AA5FE7D1-4790-4E5B-80C9-B9CA908DA733}.Debug|Any CPU.Build.0 = Debug|Any CPU
		{AA5FE7D1-4790-4E5B-80C9-B9CA908DA733}.Release|Any CPU.ActiveCfg = Release|Any CPU
		{AA5FE7D1-4790-4E5B-80C9-B9CA908DA733}.Release|Any CPU.Build.0 = Release|Any CPU
		{B79568FF-B3C0-4259-A350-870794D5BF0F}.Debug|Any CPU.ActiveCfg = Debug|Any CPU
		{B79568FF-B3C0-4259-A350-870794D5BF0F}.Debug|Any CPU.Build.0 = Debug|Any CPU
		{B79568FF-B3C0-4259-A350-870794D5BF0F}.Release|Any CPU.ActiveCfg = Release|Any CPU
		{B79568FF-B3C0-4259-A350-870794D5BF0F}.Release|Any CPU.Build.0 = Release|Any CPU
		{3889578C-B466-4F56-9742-664772FDABAE}.Debug|Any CPU.ActiveCfg = Debug|Any CPU
		{3889578C-B466-4F56-9742-664772FDABAE}.Debug|Any CPU.Build.0 = Debug|Any CPU
		{3889578C-B466-4F56-9742-664772FDABAE}.Release|Any CPU.ActiveCfg = Release|Any CPU
		{3889578C-B466-4F56-9742-664772FDABAE}.Release|Any CPU.Build.0 = Release|Any CPU
		{8258A4A5-B440-4332-9F33-23F3E6A09494}.Debug|Any CPU.ActiveCfg = Debug|Any CPU
		{8258A4A5-B440-4332-9F33-23F3E6A09494}.Debug|Any CPU.Build.0 = Debug|Any CPU
		{8258A4A5-B440-4332-9F33-23F3E6A09494}.Release|Any CPU.ActiveCfg = Release|Any CPU
		{8258A4A5-B440-4332-9F33-23F3E6A09494}.Release|Any CPU.Build.0 = Release|Any CPU
		{0ED1ED5C-410E-4F28-BAFB-14EA3B2529B5}.Debug|Any CPU.ActiveCfg = Debug|Any CPU
		{0ED1ED5C-410E-4F28-BAFB-14EA3B2529B5}.Debug|Any CPU.Build.0 = Debug|Any CPU
		{0ED1ED5C-410E-4F28-BAFB-14EA3B2529B5}.Release|Any CPU.ActiveCfg = Release|Any CPU
		{0ED1ED5C-410E-4F28-BAFB-14EA3B2529B5}.Release|Any CPU.Build.0 = Release|Any CPU
		{C4156CF1-CA12-47E8-AD1C-FBCCFF0EFF0B}.Debug|Any CPU.ActiveCfg = Debug|Any CPU
		{C4156CF1-CA12-47E8-AD1C-FBCCFF0EFF0B}.Debug|Any CPU.Build.0 = Debug|Any CPU
		{C4156CF1-CA12-47E8-AD1C-FBCCFF0EFF0B}.Release|Any CPU.ActiveCfg = Release|Any CPU
		{C4156CF1-CA12-47E8-AD1C-FBCCFF0EFF0B}.Release|Any CPU.Build.0 = Release|Any CPU
		{68D54497-D795-4279-B637-FEF6114484AC}.Debug|Any CPU.ActiveCfg = Debug|Any CPU
		{68D54497-D795-4279-B637-FEF6114484AC}.Debug|Any CPU.Build.0 = Debug|Any CPU
		{68D54497-D795-4279-B637-FEF6114484AC}.Release|Any CPU.ActiveCfg = Release|Any CPU
		{68D54497-D795-4279-B637-FEF6114484AC}.Release|Any CPU.Build.0 = Release|Any CPU
		{C8F3C129-7E70-476D-8A96-6814885057D4}.Debug|Any CPU.ActiveCfg = Debug|Any CPU
		{C8F3C129-7E70-476D-8A96-6814885057D4}.Debug|Any CPU.Build.0 = Debug|Any CPU
		{C8F3C129-7E70-476D-8A96-6814885057D4}.Release|Any CPU.ActiveCfg = Release|Any CPU
		{C8F3C129-7E70-476D-8A96-6814885057D4}.Release|Any CPU.Build.0 = Release|Any CPU
		{27D2DAA2-759D-4AD6-B476-ABC3CF8387B1}.Debug|Any CPU.ActiveCfg = Debug|Any CPU
		{27D2DAA2-759D-4AD6-B476-ABC3CF8387B1}.Debug|Any CPU.Build.0 = Debug|Any CPU
		{27D2DAA2-759D-4AD6-B476-ABC3CF8387B1}.Release|Any CPU.ActiveCfg = Release|Any CPU
		{27D2DAA2-759D-4AD6-B476-ABC3CF8387B1}.Release|Any CPU.Build.0 = Release|Any CPU
		{C7D32559-0FD2-4FE2-9C6D-78F8E07BBA38}.Debug|Any CPU.ActiveCfg = Debug|Any CPU
		{C7D32559-0FD2-4FE2-9C6D-78F8E07BBA38}.Debug|Any CPU.Build.0 = Debug|Any CPU
		{C7D32559-0FD2-4FE2-9C6D-78F8E07BBA38}.Release|Any CPU.ActiveCfg = Release|Any CPU
		{C7D32559-0FD2-4FE2-9C6D-78F8E07BBA38}.Release|Any CPU.Build.0 = Release|Any CPU
		{3FED4A9B-6500-474B-9364-8E2765F38E9E}.Debug|Any CPU.ActiveCfg = Debug|Any CPU
		{3FED4A9B-6500-474B-9364-8E2765F38E9E}.Debug|Any CPU.Build.0 = Debug|Any CPU
		{3FED4A9B-6500-474B-9364-8E2765F38E9E}.Release|Any CPU.ActiveCfg = Release|Any CPU
		{3FED4A9B-6500-474B-9364-8E2765F38E9E}.Release|Any CPU.Build.0 = Release|Any CPU
		{1A20A07B-A326-4F05-8D5F-8B485F8C510E}.Debug|Any CPU.ActiveCfg = Debug|Any CPU
		{1A20A07B-A326-4F05-8D5F-8B485F8C510E}.Debug|Any CPU.Build.0 = Debug|Any CPU
		{1A20A07B-A326-4F05-8D5F-8B485F8C510E}.Release|Any CPU.ActiveCfg = Release|Any CPU
		{1A20A07B-A326-4F05-8D5F-8B485F8C510E}.Release|Any CPU.Build.0 = Release|Any CPU
		{67226DAA-3539-4C72-92F7-4AC3070FB3E0}.Debug|Any CPU.ActiveCfg = Debug|Any CPU
		{67226DAA-3539-4C72-92F7-4AC3070FB3E0}.Debug|Any CPU.Build.0 = Debug|Any CPU
		{67226DAA-3539-4C72-92F7-4AC3070FB3E0}.Release|Any CPU.ActiveCfg = Release|Any CPU
		{67226DAA-3539-4C72-92F7-4AC3070FB3E0}.Release|Any CPU.Build.0 = Release|Any CPU
		{E263F0FE-CB99-4313-850F-39919EE435CD}.Debug|Any CPU.ActiveCfg = Debug|Any CPU
		{E263F0FE-CB99-4313-850F-39919EE435CD}.Debug|Any CPU.Build.0 = Debug|Any CPU
		{E263F0FE-CB99-4313-850F-39919EE435CD}.Release|Any CPU.ActiveCfg = Release|Any CPU
		{E263F0FE-CB99-4313-850F-39919EE435CD}.Release|Any CPU.Build.0 = Release|Any CPU
		{BDC60771-7E10-459D-8A51-2B0CB1E45408}.Debug|Any CPU.ActiveCfg = Debug|Any CPU
		{BDC60771-7E10-459D-8A51-2B0CB1E45408}.Debug|Any CPU.Build.0 = Debug|Any CPU
		{BDC60771-7E10-459D-8A51-2B0CB1E45408}.Release|Any CPU.ActiveCfg = Release|Any CPU
		{BDC60771-7E10-459D-8A51-2B0CB1E45408}.Release|Any CPU.Build.0 = Release|Any CPU
	EndGlobalSection
	GlobalSection(SolutionProperties) = preSolution
		HideSolutionNode = FALSE
	EndGlobalSection
	GlobalSection(NestedProjects) = preSolution
		{DEE9E20B-BD95-4474-AAF9-9BC6BA0C4E6C} = {B00B6A51-1BF1-4D5B-812E-A1773F3B3DF8}
		{26ADAB1B-8BC0-475F-A1E9-8924162C2D42} = {D4D973EF-C754-4712-AE23-6C055B70BC40}
		{C55C974C-FCC4-4BDA-A21D-F415463EDB92} = {D4D973EF-C754-4712-AE23-6C055B70BC40}
		{2022CCB8-C608-433A-9E37-68322B0F5909} = {D4D973EF-C754-4712-AE23-6C055B70BC40}
		{E7128C2B-7012-4D67-B876-13BB7B691D6D} = {3A3CF2D2-2022-4107-BA16-B8E015CD69DB}
		{9C8DD989-D677-4E39-9960-624A3EA65B37} = {3A3CF2D2-2022-4107-BA16-B8E015CD69DB}
		{E7112C65-0BBB-4FF5-BB19-15DCB2650CCB} = {3A3CF2D2-2022-4107-BA16-B8E015CD69DB}
		{2788C93D-AA8E-416F-BCFE-F4AD333A049C} = {9EA7ACC7-E02A-4B03-958A-64CB6C39F61A}
		{E046228A-7FAC-4E51-A4EC-4F03F662FC52} = {9EA7ACC7-E02A-4B03-958A-64CB6C39F61A}
		{AA5FE7D1-4790-4E5B-80C9-B9CA908DA733} = {DEE9E20B-BD95-4474-AAF9-9BC6BA0C4E6C}
		{B79568FF-B3C0-4259-A350-870794D5BF0F} = {26ADAB1B-8BC0-475F-A1E9-8924162C2D42}
		{3889578C-B466-4F56-9742-664772FDABAE} = {C55C974C-FCC4-4BDA-A21D-F415463EDB92}
		{8258A4A5-B440-4332-9F33-23F3E6A09494} = {2022CCB8-C608-433A-9E37-68322B0F5909}
		{0ED1ED5C-410E-4F28-BAFB-14EA3B2529B5} = {E7128C2B-7012-4D67-B876-13BB7B691D6D}
		{C4156CF1-CA12-47E8-AD1C-FBCCFF0EFF0B} = {9C8DD989-D677-4E39-9960-624A3EA65B37}
		{68D54497-D795-4279-B637-FEF6114484AC} = {E7112C65-0BBB-4FF5-BB19-15DCB2650CCB}
		{C8F3C129-7E70-476D-8A96-6814885057D4} = {2788C93D-AA8E-416F-BCFE-F4AD333A049C}
		{27D2DAA2-759D-4AD6-B476-ABC3CF8387B1} = {2788C93D-AA8E-416F-BCFE-F4AD333A049C}
		{C7D32559-0FD2-4FE2-9C6D-78F8E07BBA38} = {E046228A-7FAC-4E51-A4EC-4F03F662FC52}
		{3FED4A9B-6500-474B-9364-8E2765F38E9E} = {E046228A-7FAC-4E51-A4EC-4F03F662FC52}
		{1A20A07B-A326-4F05-8D5F-8B485F8C510E} = {E046228A-7FAC-4E51-A4EC-4F03F662FC52}
		{67226DAA-3539-4C72-92F7-4AC3070FB3E0} = {E046228A-7FAC-4E51-A4EC-4F03F662FC52}
		{E263F0FE-CB99-4313-850F-39919EE435CD} = {E046228A-7FAC-4E51-A4EC-4F03F662FC52}
		{BDC60771-7E10-459D-8A51-2B0CB1E45408} = {C55C974C-FCC4-4BDA-A21D-F415463EDB92}
	EndGlobalSection
	GlobalSection(ExtensibilityGlobals) = postSolution
		SolutionGuid = {0ED50B9F-0617-4A9E-8F49-18FED727E8F8}
	EndGlobalSection
EndGlobal
